
Microsoft Visual Studio Solution File, Format Version 12.00
# Visual Studio Version 17
VisualStudioVersion = 17.11.35219.272
MinimumVisualStudioVersion = 10.0.40219.1
Project("{FAE04EC0-301F-11D3-BF4B-00C04F79EFBC}") = "MVCpenatlies", "MVCpenatlies\MVCpenatlies.csproj", "{FEB64A79-F683-4036-8D06-339884B908F9}"
EndProject
Global
	GlobalSection(SolutionConfigurationPlatforms) = preSolution
		Debug|Any CPU = Debug|Any CPU
		Release|Any CPU = Release|Any CPU
	EndGlobalSection
	GlobalSection(ProjectConfigurationPlatforms) = postSolution
		{FEB64A79-F683-4036-8D06-339884B908F9}.Debug|Any CPU.ActiveCfg = Debug|Any CPU
		{FEB64A79-F683-4036-8D06-339884B908F9}.Debug|Any CPU.Build.0 = Debug|Any CPU
		{FEB64A79-F683-4036-8D06-339884B908F9}.Release|Any CPU.ActiveCfg = Release|Any CPU
		{FEB64A79-F683-4036-8D06-339884B908F9}.Release|Any CPU.Build.0 = Release|Any CPU
	EndGlobalSection
	GlobalSection(SolutionProperties) = preSolution
		HideSolutionNode = FALSE
	EndGlobalSection
	GlobalSection(ExtensibilityGlobals) = postSolution
		SolutionGuid = {769DD573-D0C9-4C6D-BEF2-1A20296BCF85}
	EndGlobalSection
EndGlobal
